// !$*UTF8*$!
{
	archiveVersion = 1;
	classes = {
	};
	objectVersion = 46;
	objects = {

/* Begin PBXBuildFile section */
		CEC9C2232E0CF866D6A12AA2 /* libPods-ImportCar.a in Frameworks */ = {isa = PBXBuildFile; fileRef = 250806259433E2365A39812E /* libPods-ImportCar.a */; };
		EA1EAB0C1F53B4A300E7D89B /* main.m in Sources */ = {isa = PBXBuildFile; fileRef = EA1EAB0B1F53B4A300E7D89B /* main.m */; };
		EA1EAB0F1F53B4A300E7D89B /* AppDelegate.m in Sources */ = {isa = PBXBuildFile; fileRef = EA1EAB0E1F53B4A300E7D89B /* AppDelegate.m */; };
		EA1EAB151F53B4A300E7D89B /* Main.storyboard in Resources */ = {isa = PBXBuildFile; fileRef = EA1EAB131F53B4A300E7D89B /* Main.storyboard */; };
		EA1EAB171F53B4A300E7D89B /* Assets.xcassets in Resources */ = {isa = PBXBuildFile; fileRef = EA1EAB161F53B4A300E7D89B /* Assets.xcassets */; };
		EA1EAB1A1F53B4A300E7D89B /* LaunchScreen.storyboard in Resources */ = {isa = PBXBuildFile; fileRef = EA1EAB181F53B4A300E7D89B /* LaunchScreen.storyboard */; };
		EA1EAB251F53B4A300E7D89B /* ImportCarTests.m in Sources */ = {isa = PBXBuildFile; fileRef = EA1EAB241F53B4A300E7D89B /* ImportCarTests.m */; };
		EA1EAB301F53B4A300E7D89B /* ImportCarUITests.m in Sources */ = {isa = PBXBuildFile; fileRef = EA1EAB2F1F53B4A300E7D89B /* ImportCarUITests.m */; };
		EA67FC361F6144EA004CC8AC /* TNBaseButton.m in Sources */ = {isa = PBXBuildFile; fileRef = EA67FBD51F6144EA004CC8AC /* TNBaseButton.m */; };
		EA67FC371F6144EA004CC8AC /* TNBaseModel.m in Sources */ = {isa = PBXBuildFile; fileRef = EA67FBD71F6144EA004CC8AC /* TNBaseModel.m */; };
		EA67FC381F6144EA004CC8AC /* TNBaseNavigationController.m in Sources */ = {isa = PBXBuildFile; fileRef = EA67FBD91F6144EA004CC8AC /* TNBaseNavigationController.m */; };
		EA67FC391F6144EA004CC8AC /* TNBaseResponse.m in Sources */ = {isa = PBXBuildFile; fileRef = EA67FBDB1F6144EA004CC8AC /* TNBaseResponse.m */; };
		EA67FC3A1F6144EA004CC8AC /* TNBaseTableView.m in Sources */ = {isa = PBXBuildFile; fileRef = EA67FBDD1F6144EA004CC8AC /* TNBaseTableView.m */; };
		EA67FC3B1F6144EA004CC8AC /* TNBaseTableViewCell.m in Sources */ = {isa = PBXBuildFile; fileRef = EA67FBDF1F6144EA004CC8AC /* TNBaseTableViewCell.m */; };
		EA67FC3C1F6144EA004CC8AC /* TNBaseWebViewController.m in Sources */ = {isa = PBXBuildFile; fileRef = EA67FBE11F6144EA004CC8AC /* TNBaseWebViewController.m */; };
		EA67FC3D1F6144EA004CC8AC /* 暂无数据.png in Resources */ = {isa = PBXBuildFile; fileRef = EA67FBE21F6144EA004CC8AC /* 暂无数据.png */; };
		EA67FC3E1F6144EA004CC8AC /* NSString+TNAdd.m in Sources */ = {isa = PBXBuildFile; fileRef = EA67FBE61F6144EA004CC8AC /* NSString+TNAdd.m */; };
		EA67FC3F1F6144EA004CC8AC /* AppDelegate+TNAdd.m in Sources */ = {isa = PBXBuildFile; fileRef = EA67FBEA1F6144EA004CC8AC /* AppDelegate+TNAdd.m */; };
		EA67FC401F6144EA004CC8AC /* UIButton+TNAdd.m in Sources */ = {isa = PBXBuildFile; fileRef = EA67FBEC1F6144EA004CC8AC /* UIButton+TNAdd.m */; };
		EA67FC411F6144EA004CC8AC /* UIColor+TNAdd.m in Sources */ = {isa = PBXBuildFile; fileRef = EA67FBEE1F6144EA004CC8AC /* UIColor+TNAdd.m */; };
		EA67FC421F6144EA004CC8AC /* UIImage+TNAdd.m in Sources */ = {isa = PBXBuildFile; fileRef = EA67FBF01F6144EA004CC8AC /* UIImage+TNAdd.m */; };
		EA67FC431F6144EA004CC8AC /* UIView+TNAdd.m in Sources */ = {isa = PBXBuildFile; fileRef = EA67FBF21F6144EA004CC8AC /* UIView+TNAdd.m */; };
		EA67FC501F6144EA004CC8AC /* TNIntroductionView.m in Sources */ = {isa = PBXBuildFile; fileRef = EA67FC101F6144EA004CC8AC /* TNIntroductionView.m */; };
		EA67FC521F6144EA004CC8AC /* tnRubberBadge_destroy_1_ic@2x.png in Resources */ = {isa = PBXBuildFile; fileRef = EA67FC151F6144EA004CC8AC /* tnRubberBadge_destroy_1_ic@2x.png */; };
		EA67FC531F6144EA004CC8AC /* tnRubberBadge_destroy_2_ic@2x.png in Resources */ = {isa = PBXBuildFile; fileRef = EA67FC161F6144EA004CC8AC /* tnRubberBadge_destroy_2_ic@2x.png */; };
		EA67FC541F6144EA004CC8AC /* tnRubberBadge_destroy_3_ic@2x.png in Resources */ = {isa = PBXBuildFile; fileRef = EA67FC171F6144EA004CC8AC /* tnRubberBadge_destroy_3_ic@2x.png */; };
		EA67FC551F6144EA004CC8AC /* tnRubberBadge_destroy_4_ic@2x.png in Resources */ = {isa = PBXBuildFile; fileRef = EA67FC181F6144EA004CC8AC /* tnRubberBadge_destroy_4_ic@2x.png */; };
		EA67FC561F6144EA004CC8AC /* tnRubberBadge_destroy_5_ic@2x.png in Resources */ = {isa = PBXBuildFile; fileRef = EA67FC191F6144EA004CC8AC /* tnRubberBadge_destroy_5_ic@2x.png */; };
		EA67FC571F6144EA004CC8AC /* TNRubberBadgeButton.m in Sources */ = {isa = PBXBuildFile; fileRef = EA67FC1B1F6144EA004CC8AC /* TNRubberBadgeButton.m */; };
		EA67FC581F6144EA004CC8AC /* TNChooseController.m in Sources */ = {isa = PBXBuildFile; fileRef = EA67FC1E1F6144EA004CC8AC /* TNChooseController.m */; };
		EA67FC591F6144EA004CC8AC /* TNTabBarController.m in Sources */ = {isa = PBXBuildFile; fileRef = EA67FC201F6144EA004CC8AC /* TNTabBarController.m */; };
		EA67FC5A1F6144EA004CC8AC /* TNCoreArchive.m in Sources */ = {isa = PBXBuildFile; fileRef = EA67FC241F6144EA004CC8AC /* TNCoreArchive.m */; };
		EA67FC5B1F6144EA004CC8AC /* TNDataTool.m in Sources */ = {isa = PBXBuildFile; fileRef = EA67FC261F6144EA004CC8AC /* TNDataTool.m */; };
		EA67FC5C1F6144EA004CC8AC /* TNDateTool.m in Sources */ = {isa = PBXBuildFile; fileRef = EA67FC281F6144EA004CC8AC /* TNDateTool.m */; };
		EA67FC5D1F6144EA004CC8AC /* TNGlobalTool.m in Sources */ = {isa = PBXBuildFile; fileRef = EA67FC2A1F6144EA004CC8AC /* TNGlobalTool.m */; };
		EA67FC5E1F6144EA004CC8AC /* TNHttpTool.m in Sources */ = {isa = PBXBuildFile; fileRef = EA67FC2C1F6144EA004CC8AC /* TNHttpTool.m */; };
		EA67FC611F6144EA004CC8AC /* TNPromptBox.m in Sources */ = {isa = PBXBuildFile; fileRef = EA67FC341F6144EA004CC8AC /* TNPromptBox.m */; };
		EA67FC671F614AF8004CC8AC /* TNLoginViewController.m in Sources */ = {isa = PBXBuildFile; fileRef = EA67FC651F614AF8004CC8AC /* TNLoginViewController.m */; };
		EA67FC6B1F615AA4004CC8AC /* TNUnderLineButton.m in Sources */ = {isa = PBXBuildFile; fileRef = EA67FC6A1F615AA4004CC8AC /* TNUnderLineButton.m */; };
		EA67FC721F616BFE004CC8AC /* TNHomePageViewController.m in Sources */ = {isa = PBXBuildFile; fileRef = EA67FC711F616BFE004CC8AC /* TNHomePageViewController.m */; };
		EA67FC751F616DD7004CC8AC /* UILabel+TNAdd.m in Sources */ = {isa = PBXBuildFile; fileRef = EA67FC741F616DD7004CC8AC /* UILabel+TNAdd.m */; };
		EA67FC781F6170D7004CC8AC /* TNCustomCenterBtnTabBar.m in Sources */ = {isa = PBXBuildFile; fileRef = EA67FC771F6170D7004CC8AC /* TNCustomCenterBtnTabBar.m */; };
		EA67FC7A1F61B2EA004CC8AC /* TNLoginViewController.xib in Resources */ = {isa = PBXBuildFile; fileRef = EA67FC791F61B2EA004CC8AC /* TNLoginViewController.xib */; };
		EA67FC7E1F622EA7004CC8AC /* TNSetPasswordViewController.m in Sources */ = {isa = PBXBuildFile; fileRef = EA67FC7C1F622EA7004CC8AC /* TNSetPasswordViewController.m */; };
		EA67FC7F1F622EA7004CC8AC /* TNSetPasswordViewController.xib in Resources */ = {isa = PBXBuildFile; fileRef = EA67FC7D1F622EA7004CC8AC /* TNSetPasswordViewController.xib */; };
		EA67FC831F6235E6004CC8AC /* TNRegistViewController.m in Sources */ = {isa = PBXBuildFile; fileRef = EA67FC811F6235E6004CC8AC /* TNRegistViewController.m */; };
		EA67FC841F6235E6004CC8AC /* TNRegistViewController.xib in Resources */ = {isa = PBXBuildFile; fileRef = EA67FC821F6235E6004CC8AC /* TNRegistViewController.xib */; };
		EA67FC8A1F624290004CC8AC /* TNAlertView.m in Sources */ = {isa = PBXBuildFile; fileRef = EA67FC871F624290004CC8AC /* TNAlertView.m */; };
		EA67FC8B1F624290004CC8AC /* TNPopView.m in Sources */ = {isa = PBXBuildFile; fileRef = EA67FC891F624290004CC8AC /* TNPopView.m */; };
		EA67FC8E1F628C4C004CC8AC /* TNSourceViewController.m in Sources */ = {isa = PBXBuildFile; fileRef = EA67FC8D1F628C4C004CC8AC /* TNSourceViewController.m */; };
		EA7302B71F662C950066279E /* TNHomePageHeaderFooterView.m in Sources */ = {isa = PBXBuildFile; fileRef = EA7302B61F662C950066279E /* TNHomePageHeaderFooterView.m */; };
		EA7302D41F66765E0066279E /* common_icon_arrow.png in Resources */ = {isa = PBXBuildFile; fileRef = EA7302BC1F66765E0066279E /* common_icon_arrow.png */; };
		EA7302D51F66765E0066279E /* common_icon_checkmark.png in Resources */ = {isa = PBXBuildFile; fileRef = EA7302BD1F66765E0066279E /* common_icon_checkmark.png */; };
		EA7302D61F66765E0066279E /* TNCommonArrowItem.m in Sources */ = {isa = PBXBuildFile; fileRef = EA7302C01F66765E0066279E /* TNCommonArrowItem.m */; };
		EA7302D71F66765E0066279E /* TNCommonCheckGroup.m in Sources */ = {isa = PBXBuildFile; fileRef = EA7302C21F66765E0066279E /* TNCommonCheckGroup.m */; };
		EA7302D81F66765E0066279E /* TNCommonCheckItem.m in Sources */ = {isa = PBXBuildFile; fileRef = EA7302C41F66765E0066279E /* TNCommonCheckItem.m */; };
		EA7302D91F66765E0066279E /* TNCommonCircleIconItem.m in Sources */ = {isa = PBXBuildFile; fileRef = EA7302C61F66765E0066279E /* TNCommonCircleIconItem.m */; };
		EA7302DA1F66765E0066279E /* TNCommonGroup.m in Sources */ = {isa = PBXBuildFile; fileRef = EA7302C81F66765E0066279E /* TNCommonGroup.m */; };
		EA7302DB1F66765E0066279E /* TNCommonItem.m in Sources */ = {isa = PBXBuildFile; fileRef = EA7302CA1F66765E0066279E /* TNCommonItem.m */; };
		EA7302DC1F66765E0066279E /* TNCommonLabelItem.m in Sources */ = {isa = PBXBuildFile; fileRef = EA7302CC1F66765E0066279E /* TNCommonLabelItem.m */; };
		EA7302DD1F66765E0066279E /* TNCommonSwitchItem.m in Sources */ = {isa = PBXBuildFile; fileRef = EA7302CE1F66765E0066279E /* TNCommonSwitchItem.m */; };
		EA7302DE1F66765E0066279E /* TNCommonCell.m in Sources */ = {isa = PBXBuildFile; fileRef = EA7302D11F66765E0066279E /* TNCommonCell.m */; };
		EA7302DF1F66765E0066279E /* TNCommonView.m in Sources */ = {isa = PBXBuildFile; fileRef = EA7302D31F66765E0066279E /* TNCommonView.m */; };
		EA7302E31F6676A70066279E /* TNMenuView.m in Sources */ = {isa = PBXBuildFile; fileRef = EA7302E21F6676A70066279E /* TNMenuView.m */; };
/* End PBXBuildFile section */

/* Begin PBXContainerItemProxy section */
		EA1EAB211F53B4A300E7D89B /* PBXContainerItemProxy */ = {
			isa = PBXContainerItemProxy;
			containerPortal = EA1EAAFF1F53B4A300E7D89B /* Project object */;
			proxyType = 1;
			remoteGlobalIDString = EA1EAB061F53B4A300E7D89B;
			remoteInfo = ImportCar;
		};
		EA1EAB2C1F53B4A300E7D89B /* PBXContainerItemProxy */ = {
			isa = PBXContainerItemProxy;
			containerPortal = EA1EAAFF1F53B4A300E7D89B /* Project object */;
			proxyType = 1;
			remoteGlobalIDString = EA1EAB061F53B4A300E7D89B;
			remoteInfo = ImportCar;
		};
/* End PBXContainerItemProxy section */

/* Begin PBXFileReference section */
		20389176409FFFBFB15E0229 /* Pods-ImportCar.debug.xcconfig */ = {isa = PBXFileReference; includeInIndex = 1; lastKnownFileType = text.xcconfig; name = "Pods-ImportCar.debug.xcconfig"; path = "Pods/Target Support Files/Pods-ImportCar/Pods-ImportCar.debug.xcconfig"; sourceTree = "<group>"; };
		250806259433E2365A39812E /* libPods-ImportCar.a */ = {isa = PBXFileReference; explicitFileType = archive.ar; includeInIndex = 0; path = "libPods-ImportCar.a"; sourceTree = BUILT_PRODUCTS_DIR; };
		4E511EF404BD7BA5625F4577 /* Pods-ImportCar.release.xcconfig */ = {isa = PBXFileReference; includeInIndex = 1; lastKnownFileType = text.xcconfig; name = "Pods-ImportCar.release.xcconfig"; path = "Pods/Target Support Files/Pods-ImportCar/Pods-ImportCar.release.xcconfig"; sourceTree = "<group>"; };
		EA1EAB071F53B4A300E7D89B /* ImportCar.app */ = {isa = PBXFileReference; explicitFileType = wrapper.application; includeInIndex = 0; path = ImportCar.app; sourceTree = BUILT_PRODUCTS_DIR; };
		EA1EAB0B1F53B4A300E7D89B /* main.m */ = {isa = PBXFileReference; lastKnownFileType = sourcecode.c.objc; path = main.m; sourceTree = "<group>"; };
		EA1EAB0D1F53B4A300E7D89B /* AppDelegate.h */ = {isa = PBXFileReference; lastKnownFileType = sourcecode.c.h; path = AppDelegate.h; sourceTree = "<group>"; };
		EA1EAB0E1F53B4A300E7D89B /* AppDelegate.m */ = {isa = PBXFileReference; lastKnownFileType = sourcecode.c.objc; path = AppDelegate.m; sourceTree = "<group>"; };
		EA1EAB141F53B4A300E7D89B /* Base */ = {isa = PBXFileReference; lastKnownFileType = file.storyboard; name = Base; path = Base.lproj/Main.storyboard; sourceTree = "<group>"; };
		EA1EAB161F53B4A300E7D89B /* Assets.xcassets */ = {isa = PBXFileReference; lastKnownFileType = folder.assetcatalog; path = Assets.xcassets; sourceTree = "<group>"; };
		EA1EAB191F53B4A300E7D89B /* Base */ = {isa = PBXFileReference; lastKnownFileType = file.storyboard; name = Base; path = Base.lproj/LaunchScreen.storyboard; sourceTree = "<group>"; };
		EA1EAB1B1F53B4A300E7D89B /* Info.plist */ = {isa = PBXFileReference; lastKnownFileType = text.plist.xml; path = Info.plist; sourceTree = "<group>"; };
		EA1EAB201F53B4A300E7D89B /* ImportCarTests.xctest */ = {isa = PBXFileReference; explicitFileType = wrapper.cfbundle; includeInIndex = 0; path = ImportCarTests.xctest; sourceTree = BUILT_PRODUCTS_DIR; };
		EA1EAB241F53B4A300E7D89B /* ImportCarTests.m */ = {isa = PBXFileReference; lastKnownFileType = sourcecode.c.objc; path = ImportCarTests.m; sourceTree = "<group>"; };
		EA1EAB261F53B4A300E7D89B /* Info.plist */ = {isa = PBXFileReference; lastKnownFileType = text.plist.xml; path = Info.plist; sourceTree = "<group>"; };
		EA1EAB2B1F53B4A300E7D89B /* ImportCarUITests.xctest */ = {isa = PBXFileReference; explicitFileType = wrapper.cfbundle; includeInIndex = 0; path = ImportCarUITests.xctest; sourceTree = BUILT_PRODUCTS_DIR; };
		EA1EAB2F1F53B4A300E7D89B /* ImportCarUITests.m */ = {isa = PBXFileReference; lastKnownFileType = sourcecode.c.objc; path = ImportCarUITests.m; sourceTree = "<group>"; };
		EA1EAB311F53B4A300E7D89B /* Info.plist */ = {isa = PBXFileReference; lastKnownFileType = text.plist.xml; path = Info.plist; sourceTree = "<group>"; };
		EA1EABBE1F53B57C00E7D89B /* PrefixHeader.pch */ = {isa = PBXFileReference; lastKnownFileType = sourcecode.c.h; path = PrefixHeader.pch; sourceTree = "<group>"; };
		EA67FBD41F6144EA004CC8AC /* TNBaseButton.h */ = {isa = PBXFileReference; fileEncoding = 4; lastKnownFileType = sourcecode.c.h; path = TNBaseButton.h; sourceTree = "<group>"; };
		EA67FBD51F6144EA004CC8AC /* TNBaseButton.m */ = {isa = PBXFileReference; fileEncoding = 4; lastKnownFileType = sourcecode.c.objc; path = TNBaseButton.m; sourceTree = "<group>"; };
		EA67FBD61F6144EA004CC8AC /* TNBaseModel.h */ = {isa = PBXFileReference; fileEncoding = 4; lastKnownFileType = sourcecode.c.h; path = TNBaseModel.h; sourceTree = "<group>"; };
		EA67FBD71F6144EA004CC8AC /* TNBaseModel.m */ = {isa = PBXFileReference; fileEncoding = 4; lastKnownFileType = sourcecode.c.objc; path = TNBaseModel.m; sourceTree = "<group>"; };
		EA67FBD81F6144EA004CC8AC /* TNBaseNavigationController.h */ = {isa = PBXFileReference; fileEncoding = 4; lastKnownFileType = sourcecode.c.h; path = TNBaseNavigationController.h; sourceTree = "<group>"; };
		EA67FBD91F6144EA004CC8AC /* TNBaseNavigationController.m */ = {isa = PBXFileReference; fileEncoding = 4; lastKnownFileType = sourcecode.c.objc; path = TNBaseNavigationController.m; sourceTree = "<group>"; };
		EA67FBDA1F6144EA004CC8AC /* TNBaseResponse.h */ = {isa = PBXFileReference; fileEncoding = 4; lastKnownFileType = sourcecode.c.h; path = TNBaseResponse.h; sourceTree = "<group>"; };
		EA67FBDB1F6144EA004CC8AC /* TNBaseResponse.m */ = {isa = PBXFileReference; fileEncoding = 4; lastKnownFileType = sourcecode.c.objc; path = TNBaseResponse.m; sourceTree = "<group>"; };
		EA67FBDC1F6144EA004CC8AC /* TNBaseTableView.h */ = {isa = PBXFileReference; fileEncoding = 4; lastKnownFileType = sourcecode.c.h; path = TNBaseTableView.h; sourceTree = "<group>"; };
		EA67FBDD1F6144EA004CC8AC /* TNBaseTableView.m */ = {isa = PBXFileReference; fileEncoding = 4; lastKnownFileType = sourcecode.c.objc; path = TNBaseTableView.m; sourceTree = "<group>"; };
		EA67FBDE1F6144EA004CC8AC /* TNBaseTableViewCell.h */ = {isa = PBXFileReference; fileEncoding = 4; lastKnownFileType = sourcecode.c.h; path = TNBaseTableViewCell.h; sourceTree = "<group>"; };
		EA67FBDF1F6144EA004CC8AC /* TNBaseTableViewCell.m */ = {isa = PBXFileReference; fileEncoding = 4; lastKnownFileType = sourcecode.c.objc; path = TNBaseTableViewCell.m; sourceTree = "<group>"; };
		EA67FBE01F6144EA004CC8AC /* TNBaseWebViewController.h */ = {isa = PBXFileReference; fileEncoding = 4; lastKnownFileType = sourcecode.c.h; path = TNBaseWebViewController.h; sourceTree = "<group>"; };
		EA67FBE11F6144EA004CC8AC /* TNBaseWebViewController.m */ = {isa = PBXFileReference; fileEncoding = 4; lastKnownFileType = sourcecode.c.objc; path = TNBaseWebViewController.m; sourceTree = "<group>"; };
		EA67FBE21F6144EA004CC8AC /* 暂无数据.png */ = {isa = PBXFileReference; lastKnownFileType = image.png; path = "暂无数据.png"; sourceTree = "<group>"; };
		EA67FBE51F6144EA004CC8AC /* NSString+TNAdd.h */ = {isa = PBXFileReference; fileEncoding = 4; lastKnownFileType = sourcecode.c.h; path = "NSString+TNAdd.h"; sourceTree = "<group>"; };
		EA67FBE61F6144EA004CC8AC /* NSString+TNAdd.m */ = {isa = PBXFileReference; fileEncoding = 4; lastKnownFileType = sourcecode.c.objc; path = "NSString+TNAdd.m"; sourceTree = "<group>"; };
		EA67FBE71F6144EA004CC8AC /* TNCategory.h */ = {isa = PBXFileReference; fileEncoding = 4; lastKnownFileType = sourcecode.c.h; path = TNCategory.h; sourceTree = "<group>"; };
		EA67FBE91F6144EA004CC8AC /* AppDelegate+TNAdd.h */ = {isa = PBXFileReference; fileEncoding = 4; lastKnownFileType = sourcecode.c.h; path = "AppDelegate+TNAdd.h"; sourceTree = "<group>"; };
		EA67FBEA1F6144EA004CC8AC /* AppDelegate+TNAdd.m */ = {isa = PBXFileReference; fileEncoding = 4; lastKnownFileType = sourcecode.c.objc; path = "AppDelegate+TNAdd.m"; sourceTree = "<group>"; };
		EA67FBEB1F6144EA004CC8AC /* UIButton+TNAdd.h */ = {isa = PBXFileReference; fileEncoding = 4; lastKnownFileType = sourcecode.c.h; path = "UIButton+TNAdd.h"; sourceTree = "<group>"; };
		EA67FBEC1F6144EA004CC8AC /* UIButton+TNAdd.m */ = {isa = PBXFileReference; fileEncoding = 4; lastKnownFileType = sourcecode.c.objc; path = "UIButton+TNAdd.m"; sourceTree = "<group>"; };
		EA67FBED1F6144EA004CC8AC /* UIColor+TNAdd.h */ = {isa = PBXFileReference; fileEncoding = 4; lastKnownFileType = sourcecode.c.h; path = "UIColor+TNAdd.h"; sourceTree = "<group>"; };
		EA67FBEE1F6144EA004CC8AC /* UIColor+TNAdd.m */ = {isa = PBXFileReference; fileEncoding = 4; lastKnownFileType = sourcecode.c.objc; path = "UIColor+TNAdd.m"; sourceTree = "<group>"; };
		EA67FBEF1F6144EA004CC8AC /* UIImage+TNAdd.h */ = {isa = PBXFileReference; fileEncoding = 4; lastKnownFileType = sourcecode.c.h; path = "UIImage+TNAdd.h"; sourceTree = "<group>"; };
		EA67FBF01F6144EA004CC8AC /* UIImage+TNAdd.m */ = {isa = PBXFileReference; fileEncoding = 4; lastKnownFileType = sourcecode.c.objc; path = "UIImage+TNAdd.m"; sourceTree = "<group>"; };
		EA67FBF11F6144EA004CC8AC /* UIView+TNAdd.h */ = {isa = PBXFileReference; fileEncoding = 4; lastKnownFileType = sourcecode.c.h; path = "UIView+TNAdd.h"; sourceTree = "<group>"; };
		EA67FBF21F6144EA004CC8AC /* UIView+TNAdd.m */ = {isa = PBXFileReference; fileEncoding = 4; lastKnownFileType = sourcecode.c.objc; path = "UIView+TNAdd.m"; sourceTree = "<group>"; };
		EA67FC0F1F6144EA004CC8AC /* TNIntroductionView.h */ = {isa = PBXFileReference; fileEncoding = 4; lastKnownFileType = sourcecode.c.h; path = TNIntroductionView.h; sourceTree = "<group>"; };
		EA67FC101F6144EA004CC8AC /* TNIntroductionView.m */ = {isa = PBXFileReference; fileEncoding = 4; lastKnownFileType = sourcecode.c.objc; path = TNIntroductionView.m; sourceTree = "<group>"; };
		EA67FC151F6144EA004CC8AC /* tnRubberBadge_destroy_1_ic@2x.png */ = {isa = PBXFileReference; lastKnownFileType = image.png; path = "tnRubberBadge_destroy_1_ic@2x.png"; sourceTree = "<group>"; };
		EA67FC161F6144EA004CC8AC /* tnRubberBadge_destroy_2_ic@2x.png */ = {isa = PBXFileReference; lastKnownFileType = image.png; path = "tnRubberBadge_destroy_2_ic@2x.png"; sourceTree = "<group>"; };
		EA67FC171F6144EA004CC8AC /* tnRubberBadge_destroy_3_ic@2x.png */ = {isa = PBXFileReference; lastKnownFileType = image.png; path = "tnRubberBadge_destroy_3_ic@2x.png"; sourceTree = "<group>"; };
		EA67FC181F6144EA004CC8AC /* tnRubberBadge_destroy_4_ic@2x.png */ = {isa = PBXFileReference; lastKnownFileType = image.png; path = "tnRubberBadge_destroy_4_ic@2x.png"; sourceTree = "<group>"; };
		EA67FC191F6144EA004CC8AC /* tnRubberBadge_destroy_5_ic@2x.png */ = {isa = PBXFileReference; lastKnownFileType = image.png; path = "tnRubberBadge_destroy_5_ic@2x.png"; sourceTree = "<group>"; };
		EA67FC1A1F6144EA004CC8AC /* TNRubberBadgeButton.h */ = {isa = PBXFileReference; fileEncoding = 4; lastKnownFileType = sourcecode.c.h; path = TNRubberBadgeButton.h; sourceTree = "<group>"; };
		EA67FC1B1F6144EA004CC8AC /* TNRubberBadgeButton.m */ = {isa = PBXFileReference; fileEncoding = 4; lastKnownFileType = sourcecode.c.objc; path = TNRubberBadgeButton.m; sourceTree = "<group>"; };
		EA67FC1D1F6144EA004CC8AC /* TNChooseController.h */ = {isa = PBXFileReference; fileEncoding = 4; lastKnownFileType = sourcecode.c.h; path = TNChooseController.h; sourceTree = "<group>"; };
		EA67FC1E1F6144EA004CC8AC /* TNChooseController.m */ = {isa = PBXFileReference; fileEncoding = 4; lastKnownFileType = sourcecode.c.objc; path = TNChooseController.m; sourceTree = "<group>"; };
		EA67FC1F1F6144EA004CC8AC /* TNTabBarController.h */ = {isa = PBXFileReference; fileEncoding = 4; lastKnownFileType = sourcecode.c.h; path = TNTabBarController.h; sourceTree = "<group>"; };
		EA67FC201F6144EA004CC8AC /* TNTabBarController.m */ = {isa = PBXFileReference; fileEncoding = 4; lastKnownFileType = sourcecode.c.objc; path = TNTabBarController.m; sourceTree = "<group>"; };
		EA67FC231F6144EA004CC8AC /* TNCoreArchive.h */ = {isa = PBXFileReference; fileEncoding = 4; lastKnownFileType = sourcecode.c.h; path = TNCoreArchive.h; sourceTree = "<group>"; };
		EA67FC241F6144EA004CC8AC /* TNCoreArchive.m */ = {isa = PBXFileReference; fileEncoding = 4; lastKnownFileType = sourcecode.c.objc; path = TNCoreArchive.m; sourceTree = "<group>"; };
		EA67FC251F6144EA004CC8AC /* TNDataTool.h */ = {isa = PBXFileReference; fileEncoding = 4; lastKnownFileType = sourcecode.c.h; path = TNDataTool.h; sourceTree = "<group>"; };
		EA67FC261F6144EA004CC8AC /* TNDataTool.m */ = {isa = PBXFileReference; fileEncoding = 4; lastKnownFileType = sourcecode.c.objc; path = TNDataTool.m; sourceTree = "<group>"; };
		EA67FC271F6144EA004CC8AC /* TNDateTool.h */ = {isa = PBXFileReference; fileEncoding = 4; lastKnownFileType = sourcecode.c.h; path = TNDateTool.h; sourceTree = "<group>"; };
		EA67FC281F6144EA004CC8AC /* TNDateTool.m */ = {isa = PBXFileReference; fileEncoding = 4; lastKnownFileType = sourcecode.c.objc; path = TNDateTool.m; sourceTree = "<group>"; };
		EA67FC291F6144EA004CC8AC /* TNGlobalTool.h */ = {isa = PBXFileReference; fileEncoding = 4; lastKnownFileType = sourcecode.c.h; path = TNGlobalTool.h; sourceTree = "<group>"; };
		EA67FC2A1F6144EA004CC8AC /* TNGlobalTool.m */ = {isa = PBXFileReference; fileEncoding = 4; lastKnownFileType = sourcecode.c.objc; path = TNGlobalTool.m; sourceTree = "<group>"; };
		EA67FC2B1F6144EA004CC8AC /* TNHttpTool.h */ = {isa = PBXFileReference; fileEncoding = 4; lastKnownFileType = sourcecode.c.h; path = TNHttpTool.h; sourceTree = "<group>"; };
		EA67FC2C1F6144EA004CC8AC /* TNHttpTool.m */ = {isa = PBXFileReference; fileEncoding = 4; lastKnownFileType = sourcecode.c.objc; path = TNHttpTool.m; sourceTree = "<group>"; };
		EA67FC2D1F6144EA004CC8AC /* TNMacro.h */ = {isa = PBXFileReference; fileEncoding = 4; lastKnownFileType = sourcecode.c.h; path = TNMacro.h; sourceTree = "<group>"; };
		EA67FC331F6144EA004CC8AC /* TNPromptBox.h */ = {isa = PBXFileReference; fileEncoding = 4; lastKnownFileType = sourcecode.c.h; path = TNPromptBox.h; sourceTree = "<group>"; };
		EA67FC341F6144EA004CC8AC /* TNPromptBox.m */ = {isa = PBXFileReference; fileEncoding = 4; lastKnownFileType = sourcecode.c.objc; path = TNPromptBox.m; sourceTree = "<group>"; };
		EA67FC351F6144EA004CC8AC /* TNTool.h */ = {isa = PBXFileReference; fileEncoding = 4; lastKnownFileType = sourcecode.c.h; path = TNTool.h; sourceTree = "<group>"; };
		EA67FC641F614AF8004CC8AC /* TNLoginViewController.h */ = {isa = PBXFileReference; fileEncoding = 4; lastKnownFileType = sourcecode.c.h; path = TNLoginViewController.h; sourceTree = "<group>"; };
		EA67FC651F614AF8004CC8AC /* TNLoginViewController.m */ = {isa = PBXFileReference; fileEncoding = 4; lastKnownFileType = sourcecode.c.objc; path = TNLoginViewController.m; sourceTree = "<group>"; };
		EA67FC691F615AA4004CC8AC /* TNUnderLineButton.h */ = {isa = PBXFileReference; fileEncoding = 4; lastKnownFileType = sourcecode.c.h; path = TNUnderLineButton.h; sourceTree = "<group>"; };
		EA67FC6A1F615AA4004CC8AC /* TNUnderLineButton.m */ = {isa = PBXFileReference; fileEncoding = 4; lastKnownFileType = sourcecode.c.objc; path = TNUnderLineButton.m; sourceTree = "<group>"; };
		EA67FC701F616BFE004CC8AC /* TNHomePageViewController.h */ = {isa = PBXFileReference; fileEncoding = 4; lastKnownFileType = sourcecode.c.h; path = TNHomePageViewController.h; sourceTree = "<group>"; };
		EA67FC711F616BFE004CC8AC /* TNHomePageViewController.m */ = {isa = PBXFileReference; fileEncoding = 4; lastKnownFileType = sourcecode.c.objc; path = TNHomePageViewController.m; sourceTree = "<group>"; };
		EA67FC731F616DD7004CC8AC /* UILabel+TNAdd.h */ = {isa = PBXFileReference; fileEncoding = 4; lastKnownFileType = sourcecode.c.h; path = "UILabel+TNAdd.h"; sourceTree = "<group>"; };
		EA67FC741F616DD7004CC8AC /* UILabel+TNAdd.m */ = {isa = PBXFileReference; fileEncoding = 4; lastKnownFileType = sourcecode.c.objc; path = "UILabel+TNAdd.m"; sourceTree = "<group>"; };
		EA67FC761F6170D7004CC8AC /* TNCustomCenterBtnTabBar.h */ = {isa = PBXFileReference; fileEncoding = 4; lastKnownFileType = sourcecode.c.h; path = TNCustomCenterBtnTabBar.h; sourceTree = "<group>"; };
		EA67FC771F6170D7004CC8AC /* TNCustomCenterBtnTabBar.m */ = {isa = PBXFileReference; fileEncoding = 4; lastKnownFileType = sourcecode.c.objc; path = TNCustomCenterBtnTabBar.m; sourceTree = "<group>"; };
		EA67FC791F61B2EA004CC8AC /* TNLoginViewController.xib */ = {isa = PBXFileReference; fileEncoding = 4; lastKnownFileType = file.xib; path = TNLoginViewController.xib; sourceTree = "<group>"; };
		EA67FC7B1F622EA7004CC8AC /* TNSetPasswordViewController.h */ = {isa = PBXFileReference; fileEncoding = 4; lastKnownFileType = sourcecode.c.h; path = TNSetPasswordViewController.h; sourceTree = "<group>"; };
		EA67FC7C1F622EA7004CC8AC /* TNSetPasswordViewController.m */ = {isa = PBXFileReference; fileEncoding = 4; lastKnownFileType = sourcecode.c.objc; path = TNSetPasswordViewController.m; sourceTree = "<group>"; };
		EA67FC7D1F622EA7004CC8AC /* TNSetPasswordViewController.xib */ = {isa = PBXFileReference; fileEncoding = 4; lastKnownFileType = file.xib; path = TNSetPasswordViewController.xib; sourceTree = "<group>"; };
		EA67FC801F6235E6004CC8AC /* TNRegistViewController.h */ = {isa = PBXFileReference; fileEncoding = 4; lastKnownFileType = sourcecode.c.h; path = TNRegistViewController.h; sourceTree = "<group>"; };
		EA67FC811F6235E6004CC8AC /* TNRegistViewController.m */ = {isa = PBXFileReference; fileEncoding = 4; lastKnownFileType = sourcecode.c.objc; path = TNRegistViewController.m; sourceTree = "<group>"; };
		EA67FC821F6235E6004CC8AC /* TNRegistViewController.xib */ = {isa = PBXFileReference; fileEncoding = 4; lastKnownFileType = file.xib; path = TNRegistViewController.xib; sourceTree = "<group>"; };
		EA67FC861F624290004CC8AC /* TNAlertView.h */ = {isa = PBXFileReference; fileEncoding = 4; lastKnownFileType = sourcecode.c.h; path = TNAlertView.h; sourceTree = "<group>"; };
		EA67FC871F624290004CC8AC /* TNAlertView.m */ = {isa = PBXFileReference; fileEncoding = 4; lastKnownFileType = sourcecode.c.objc; path = TNAlertView.m; sourceTree = "<group>"; };
		EA67FC881F624290004CC8AC /* TNPopView.h */ = {isa = PBXFileReference; fileEncoding = 4; lastKnownFileType = sourcecode.c.h; path = TNPopView.h; sourceTree = "<group>"; };
		EA67FC891F624290004CC8AC /* TNPopView.m */ = {isa = PBXFileReference; fileEncoding = 4; lastKnownFileType = sourcecode.c.objc; path = TNPopView.m; sourceTree = "<group>"; };
		EA67FC8C1F628C4C004CC8AC /* TNSourceViewController.h */ = {isa = PBXFileReference; fileEncoding = 4; lastKnownFileType = sourcecode.c.h; path = TNSourceViewController.h; sourceTree = "<group>"; };
		EA67FC8D1F628C4C004CC8AC /* TNSourceViewController.m */ = {isa = PBXFileReference; fileEncoding = 4; lastKnownFileType = sourcecode.c.objc; path = TNSourceViewController.m; sourceTree = "<group>"; };
		EA7302B51F662C950066279E /* TNHomePageHeaderFooterView.h */ = {isa = PBXFileReference; fileEncoding = 4; lastKnownFileType = sourcecode.c.h; path = TNHomePageHeaderFooterView.h; sourceTree = "<group>"; };
		EA7302B61F662C950066279E /* TNHomePageHeaderFooterView.m */ = {isa = PBXFileReference; fileEncoding = 4; lastKnownFileType = sourcecode.c.objc; path = TNHomePageHeaderFooterView.m; sourceTree = "<group>"; };
		EA7302BC1F66765E0066279E /* common_icon_arrow.png */ = {isa = PBXFileReference; lastKnownFileType = image.png; path = common_icon_arrow.png; sourceTree = "<group>"; };
		EA7302BD1F66765E0066279E /* common_icon_checkmark.png */ = {isa = PBXFileReference; lastKnownFileType = image.png; path = common_icon_checkmark.png; sourceTree = "<group>"; };
		EA7302BF1F66765E0066279E /* TNCommonArrowItem.h */ = {isa = PBXFileReference; fileEncoding = 4; lastKnownFileType = sourcecode.c.h; path = TNCommonArrowItem.h; sourceTree = "<group>"; };
		EA7302C01F66765E0066279E /* TNCommonArrowItem.m */ = {isa = PBXFileReference; fileEncoding = 4; lastKnownFileType = sourcecode.c.objc; path = TNCommonArrowItem.m; sourceTree = "<group>"; };
		EA7302C11F66765E0066279E /* TNCommonCheckGroup.h */ = {isa = PBXFileReference; fileEncoding = 4; lastKnownFileType = sourcecode.c.h; path = TNCommonCheckGroup.h; sourceTree = "<group>"; };
		EA7302C21F66765E0066279E /* TNCommonCheckGroup.m */ = {isa = PBXFileReference; fileEncoding = 4; lastKnownFileType = sourcecode.c.objc; path = TNCommonCheckGroup.m; sourceTree = "<group>"; };
		EA7302C31F66765E0066279E /* TNCommonCheckItem.h */ = {isa = PBXFileReference; fileEncoding = 4; lastKnownFileType = sourcecode.c.h; path = TNCommonCheckItem.h; sourceTree = "<group>"; };
		EA7302C41F66765E0066279E /* TNCommonCheckItem.m */ = {isa = PBXFileReference; fileEncoding = 4; lastKnownFileType = sourcecode.c.objc; path = TNCommonCheckItem.m; sourceTree = "<group>"; };
		EA7302C51F66765E0066279E /* TNCommonCircleIconItem.h */ = {isa = PBXFileReference; fileEncoding = 4; lastKnownFileType = sourcecode.c.h; path = TNCommonCircleIconItem.h; sourceTree = "<group>"; };
		EA7302C61F66765E0066279E /* TNCommonCircleIconItem.m */ = {isa = PBXFileReference; fileEncoding = 4; lastKnownFileType = sourcecode.c.objc; path = TNCommonCircleIconItem.m; sourceTree = "<group>"; };
		EA7302C71F66765E0066279E /* TNCommonGroup.h */ = {isa = PBXFileReference; fileEncoding = 4; lastKnownFileType = sourcecode.c.h; path = TNCommonGroup.h; sourceTree = "<group>"; };
		EA7302C81F66765E0066279E /* TNCommonGroup.m */ = {isa = PBXFileReference; fileEncoding = 4; lastKnownFileType = sourcecode.c.objc; path = TNCommonGroup.m; sourceTree = "<group>"; };
		EA7302C91F66765E0066279E /* TNCommonItem.h */ = {isa = PBXFileReference; fileEncoding = 4; lastKnownFileType = sourcecode.c.h; path = TNCommonItem.h; sourceTree = "<group>"; };
		EA7302CA1F66765E0066279E /* TNCommonItem.m */ = {isa = PBXFileReference; fileEncoding = 4; lastKnownFileType = sourcecode.c.objc; path = TNCommonItem.m; sourceTree = "<group>"; };
		EA7302CB1F66765E0066279E /* TNCommonLabelItem.h */ = {isa = PBXFileReference; fileEncoding = 4; lastKnownFileType = sourcecode.c.h; path = TNCommonLabelItem.h; sourceTree = "<group>"; };
		EA7302CC1F66765E0066279E /* TNCommonLabelItem.m */ = {isa = PBXFileReference; fileEncoding = 4; lastKnownFileType = sourcecode.c.objc; path = TNCommonLabelItem.m; sourceTree = "<group>"; };
		EA7302CD1F66765E0066279E /* TNCommonSwitchItem.h */ = {isa = PBXFileReference; fileEncoding = 4; lastKnownFileType = sourcecode.c.h; path = TNCommonSwitchItem.h; sourceTree = "<group>"; };
		EA7302CE1F66765E0066279E /* TNCommonSwitchItem.m */ = {isa = PBXFileReference; fileEncoding = 4; lastKnownFileType = sourcecode.c.objc; path = TNCommonSwitchItem.m; sourceTree = "<group>"; };
		EA7302D01F66765E0066279E /* TNCommonCell.h */ = {isa = PBXFileReference; fileEncoding = 4; lastKnownFileType = sourcecode.c.h; path = TNCommonCell.h; sourceTree = "<group>"; };
		EA7302D11F66765E0066279E /* TNCommonCell.m */ = {isa = PBXFileReference; fileEncoding = 4; lastKnownFileType = sourcecode.c.objc; path = TNCommonCell.m; sourceTree = "<group>"; };
		EA7302D21F66765E0066279E /* TNCommonView.h */ = {isa = PBXFileReference; fileEncoding = 4; lastKnownFileType = sourcecode.c.h; path = TNCommonView.h; sourceTree = "<group>"; };
		EA7302D31F66765E0066279E /* TNCommonView.m */ = {isa = PBXFileReference; fileEncoding = 4; lastKnownFileType = sourcecode.c.objc; path = TNCommonView.m; sourceTree = "<group>"; };
		EA7302E11F6676A70066279E /* TNMenuView.h */ = {isa = PBXFileReference; fileEncoding = 4; lastKnownFileType = sourcecode.c.h; path = TNMenuView.h; sourceTree = "<group>"; };
		EA7302E21F6676A70066279E /* TNMenuView.m */ = {isa = PBXFileReference; fileEncoding = 4; lastKnownFileType = sourcecode.c.objc; path = TNMenuView.m; sourceTree = "<group>"; };
/* End PBXFileReference section */

/* Begin PBXFrameworksBuildPhase section */
		EA1EAB041F53B4A300E7D89B /* Frameworks */ = {
			isa = PBXFrameworksBuildPhase;
			buildActionMask = 2147483647;
			files = (
				CEC9C2232E0CF866D6A12AA2 /* libPods-ImportCar.a in Frameworks */,
			);
			runOnlyForDeploymentPostprocessing = 0;
		};
		EA1EAB1D1F53B4A300E7D89B /* Frameworks */ = {
			isa = PBXFrameworksBuildPhase;
			buildActionMask = 2147483647;
			files = (
			);
			runOnlyForDeploymentPostprocessing = 0;
		};
		EA1EAB281F53B4A300E7D89B /* Frameworks */ = {
			isa = PBXFrameworksBuildPhase;
			buildActionMask = 2147483647;
			files = (
			);
			runOnlyForDeploymentPostprocessing = 0;
		};
/* End PBXFrameworksBuildPhase section */

/* Begin PBXGroup section */
		0E5E41799F759B4C3F2C9317 /* Frameworks */ = {
			isa = PBXGroup;
			children = (
				250806259433E2365A39812E /* libPods-ImportCar.a */,
			);
			name = Frameworks;
			sourceTree = "<group>";
		};
		547F4587C7E675A4C58C3EDF /* Pods */ = {
			isa = PBXGroup;
			children = (
				20389176409FFFBFB15E0229 /* Pods-ImportCar.debug.xcconfig */,
				4E511EF404BD7BA5625F4577 /* Pods-ImportCar.release.xcconfig */,
			);
			name = Pods;
			sourceTree = "<group>";
		};
		EA1EAAFE1F53B4A300E7D89B = {
			isa = PBXGroup;
			children = (
				EA1EAB091F53B4A300E7D89B /* ImportCar */,
				EA1EAB231F53B4A300E7D89B /* ImportCarTests */,
				EA1EAB2E1F53B4A300E7D89B /* ImportCarUITests */,
				EA1EAB081F53B4A300E7D89B /* Products */,
				547F4587C7E675A4C58C3EDF /* Pods */,
				0E5E41799F759B4C3F2C9317 /* Frameworks */,
			);
			sourceTree = "<group>";
		};
		EA1EAB081F53B4A300E7D89B /* Products */ = {
			isa = PBXGroup;
			children = (
				EA1EAB071F53B4A300E7D89B /* ImportCar.app */,
				EA1EAB201F53B4A300E7D89B /* ImportCarTests.xctest */,
				EA1EAB2B1F53B4A300E7D89B /* ImportCarUITests.xctest */,
			);
			name = Products;
			sourceTree = "<group>";
		};
		EA1EAB091F53B4A300E7D89B /* ImportCar */ = {
			isa = PBXGroup;
			children = (
				EA1EAB0D1F53B4A300E7D89B /* AppDelegate.h */,
				EA1EAB0E1F53B4A300E7D89B /* AppDelegate.m */,
				EA67FBD31F6144EA004CC8AC /* BaseClass */,
				EA67FBE31F6144EA004CC8AC /* Category */,
				EA67FBF31F6144EA004CC8AC /* CustomPart */,
				EA67FC1C1F6144EA004CC8AC /* Module */,
				EA67FC211F6144EA004CC8AC /* ThirdPart */,
				EA67FC221F6144EA004CC8AC /* Tool */,
				EA1EAB0A1F53B4A300E7D89B /* Supporting Files */,
			);
			path = ImportCar;
			sourceTree = "<group>";
		};
		EA1EAB0A1F53B4A300E7D89B /* Supporting Files */ = {
			isa = PBXGroup;
			children = (
				EA1EABBE1F53B57C00E7D89B /* PrefixHeader.pch */,
				EA1EAB131F53B4A300E7D89B /* Main.storyboard */,
				EA1EAB161F53B4A300E7D89B /* Assets.xcassets */,
				EA1EAB181F53B4A300E7D89B /* LaunchScreen.storyboard */,
				EA1EAB1B1F53B4A300E7D89B /* Info.plist */,
				EA1EAB0B1F53B4A300E7D89B /* main.m */,
			);
			name = "Supporting Files";
			sourceTree = "<group>";
		};
		EA1EAB231F53B4A300E7D89B /* ImportCarTests */ = {
			isa = PBXGroup;
			children = (
				EA1EAB241F53B4A300E7D89B /* ImportCarTests.m */,
				EA1EAB261F53B4A300E7D89B /* Info.plist */,
			);
			path = ImportCarTests;
			sourceTree = "<group>";
		};
		EA1EAB2E1F53B4A300E7D89B /* ImportCarUITests */ = {
			isa = PBXGroup;
			children = (
				EA1EAB2F1F53B4A300E7D89B /* ImportCarUITests.m */,
				EA1EAB311F53B4A300E7D89B /* Info.plist */,
			);
			path = ImportCarUITests;
			sourceTree = "<group>";
		};
		EA67FBD31F6144EA004CC8AC /* BaseClass */ = {
			isa = PBXGroup;
			children = (
				EA67FBD41F6144EA004CC8AC /* TNBaseButton.h */,
				EA67FBD51F6144EA004CC8AC /* TNBaseButton.m */,
				EA67FBD61F6144EA004CC8AC /* TNBaseModel.h */,
				EA67FBD71F6144EA004CC8AC /* TNBaseModel.m */,
				EA67FBD81F6144EA004CC8AC /* TNBaseNavigationController.h */,
				EA67FBD91F6144EA004CC8AC /* TNBaseNavigationController.m */,
				EA67FBDA1F6144EA004CC8AC /* TNBaseResponse.h */,
				EA67FBDB1F6144EA004CC8AC /* TNBaseResponse.m */,
				EA67FBDC1F6144EA004CC8AC /* TNBaseTableView.h */,
				EA67FBDD1F6144EA004CC8AC /* TNBaseTableView.m */,
				EA67FBDE1F6144EA004CC8AC /* TNBaseTableViewCell.h */,
				EA67FBDF1F6144EA004CC8AC /* TNBaseTableViewCell.m */,
				EA67FBE01F6144EA004CC8AC /* TNBaseWebViewController.h */,
				EA67FBE11F6144EA004CC8AC /* TNBaseWebViewController.m */,
				EA67FBE21F6144EA004CC8AC /* 暂无数据.png */,
			);
			path = BaseClass;
			sourceTree = "<group>";
		};
		EA67FBE31F6144EA004CC8AC /* Category */ = {
			isa = PBXGroup;
			children = (
				EA67FBE41F6144EA004CC8AC /* Foundation */,
				EA67FBE71F6144EA004CC8AC /* TNCategory.h */,
				EA67FBE81F6144EA004CC8AC /* UIKit */,
			);
			path = Category;
			sourceTree = "<group>";
		};
		EA67FBE41F6144EA004CC8AC /* Foundation */ = {
			isa = PBXGroup;
			children = (
				EA67FBE51F6144EA004CC8AC /* NSString+TNAdd.h */,
				EA67FBE61F6144EA004CC8AC /* NSString+TNAdd.m */,
			);
			path = Foundation;
			sourceTree = "<group>";
		};
		EA67FBE81F6144EA004CC8AC /* UIKit */ = {
			isa = PBXGroup;
			children = (
				EA67FBE91F6144EA004CC8AC /* AppDelegate+TNAdd.h */,
				EA67FBEA1F6144EA004CC8AC /* AppDelegate+TNAdd.m */,
				EA67FBEB1F6144EA004CC8AC /* UIButton+TNAdd.h */,
				EA67FBEC1F6144EA004CC8AC /* UIButton+TNAdd.m */,
				EA67FBED1F6144EA004CC8AC /* UIColor+TNAdd.h */,
				EA67FBEE1F6144EA004CC8AC /* UIColor+TNAdd.m */,
				EA67FBEF1F6144EA004CC8AC /* UIImage+TNAdd.h */,
				EA67FBF01F6144EA004CC8AC /* UIImage+TNAdd.m */,
				EA67FBF11F6144EA004CC8AC /* UIView+TNAdd.h */,
				EA67FBF21F6144EA004CC8AC /* UIView+TNAdd.m */,
				EA67FC731F616DD7004CC8AC /* UILabel+TNAdd.h */,
				EA67FC741F616DD7004CC8AC /* UILabel+TNAdd.m */,
			);
			path = UIKit;
			sourceTree = "<group>";
		};
		EA67FBF31F6144EA004CC8AC /* CustomPart */ = {
			isa = PBXGroup;
			children = (
				EA7302BB1F66765E0066279E /* TNCommonView */,
				EA67FC0E1F6144EA004CC8AC /* TNIntroductionViewController */,
				EA7302E01F6676A70066279E /* TNMenuView */,
				EA67FC141F6144EA004CC8AC /* TNRubberBadgeButton */,
				EA67FC851F624290004CC8AC /* TNPopView */,
			);
			path = CustomPart;
			sourceTree = "<group>";
		};
		EA67FC0E1F6144EA004CC8AC /* TNIntroductionViewController */ = {
			isa = PBXGroup;
			children = (
				EA67FC0F1F6144EA004CC8AC /* TNIntroductionView.h */,
				EA67FC101F6144EA004CC8AC /* TNIntroductionView.m */,
			);
			path = TNIntroductionViewController;
			sourceTree = "<group>";
		};
		EA67FC141F6144EA004CC8AC /* TNRubberBadgeButton */ = {
			isa = PBXGroup;
			children = (
				EA67FC151F6144EA004CC8AC /* tnRubberBadge_destroy_1_ic@2x.png */,
				EA67FC161F6144EA004CC8AC /* tnRubberBadge_destroy_2_ic@2x.png */,
				EA67FC171F6144EA004CC8AC /* tnRubberBadge_destroy_3_ic@2x.png */,
				EA67FC181F6144EA004CC8AC /* tnRubberBadge_destroy_4_ic@2x.png */,
				EA67FC191F6144EA004CC8AC /* tnRubberBadge_destroy_5_ic@2x.png */,
				EA67FC1A1F6144EA004CC8AC /* TNRubberBadgeButton.h */,
				EA67FC1B1F6144EA004CC8AC /* TNRubberBadgeButton.m */,
			);
			path = TNRubberBadgeButton;
			sourceTree = "<group>";
		};
		EA67FC1C1F6144EA004CC8AC /* Module */ = {
			isa = PBXGroup;
			children = (
				EA67FC1D1F6144EA004CC8AC /* TNChooseController.h */,
				EA67FC1E1F6144EA004CC8AC /* TNChooseController.m */,
				EA67FC1F1F6144EA004CC8AC /* TNTabBarController.h */,
				EA67FC201F6144EA004CC8AC /* TNTabBarController.m */,
				EA67FC631F614AE1004CC8AC /* Login */,
				EA67FC6C1F616B44004CC8AC /* 4s */,
				EA67FC6F1F616B44004CC8AC /* source */,
				EA67FC6E1F616B44004CC8AC /* search */,
				EA67FC6D1F616B44004CC8AC /* mine */,
			);
			path = Module;
			sourceTree = "<group>";
		};
		EA67FC211F6144EA004CC8AC /* ThirdPart */ = {
			isa = PBXGroup;
			children = (
			);
			path = ThirdPart;
			sourceTree = "<group>";
		};
		EA67FC221F6144EA004CC8AC /* Tool */ = {
			isa = PBXGroup;
			children = (
				EA67FC231F6144EA004CC8AC /* TNCoreArchive.h */,
				EA67FC241F6144EA004CC8AC /* TNCoreArchive.m */,
				EA67FC251F6144EA004CC8AC /* TNDataTool.h */,
				EA67FC261F6144EA004CC8AC /* TNDataTool.m */,
				EA67FC271F6144EA004CC8AC /* TNDateTool.h */,
				EA67FC281F6144EA004CC8AC /* TNDateTool.m */,
				EA67FC291F6144EA004CC8AC /* TNGlobalTool.h */,
				EA67FC2A1F6144EA004CC8AC /* TNGlobalTool.m */,
				EA67FC2B1F6144EA004CC8AC /* TNHttpTool.h */,
				EA67FC2C1F6144EA004CC8AC /* TNHttpTool.m */,
				EA67FC2D1F6144EA004CC8AC /* TNMacro.h */,
				EA67FC331F6144EA004CC8AC /* TNPromptBox.h */,
				EA67FC341F6144EA004CC8AC /* TNPromptBox.m */,
				EA67FC351F6144EA004CC8AC /* TNTool.h */,
				EA67FC691F615AA4004CC8AC /* TNUnderLineButton.h */,
				EA67FC6A1F615AA4004CC8AC /* TNUnderLineButton.m */,
				EA67FC761F6170D7004CC8AC /* TNCustomCenterBtnTabBar.h */,
				EA67FC771F6170D7004CC8AC /* TNCustomCenterBtnTabBar.m */,
			);
			path = Tool;
			sourceTree = "<group>";
		};
		EA67FC631F614AE1004CC8AC /* Login */ = {
			isa = PBXGroup;
			children = (
				EA67FC641F614AF8004CC8AC /* TNLoginViewController.h */,
				EA67FC651F614AF8004CC8AC /* TNLoginViewController.m */,
				EA67FC791F61B2EA004CC8AC /* TNLoginViewController.xib */,
				EA67FC7B1F622EA7004CC8AC /* TNSetPasswordViewController.h */,
				EA67FC7C1F622EA7004CC8AC /* TNSetPasswordViewController.m */,
				EA67FC7D1F622EA7004CC8AC /* TNSetPasswordViewController.xib */,
				EA67FC801F6235E6004CC8AC /* TNRegistViewController.h */,
				EA67FC811F6235E6004CC8AC /* TNRegistViewController.m */,
				EA67FC821F6235E6004CC8AC /* TNRegistViewController.xib */,
			);
			path = Login;
			sourceTree = "<group>";
		};
		EA67FC6C1F616B44004CC8AC /* 4s */ = {
			isa = PBXGroup;
			children = (
				EA7302B41F662C520066279E /* View */,
				EA67FC701F616BFE004CC8AC /* TNHomePageViewController.h */,
				EA67FC711F616BFE004CC8AC /* TNHomePageViewController.m */,
			);
			path = 4s;
			sourceTree = "<group>";
		};
		EA67FC6D1F616B44004CC8AC /* mine */ = {
			isa = PBXGroup;
			children = (
			);
			path = mine;
			sourceTree = "<group>";
		};
		EA67FC6E1F616B44004CC8AC /* search */ = {
			isa = PBXGroup;
			children = (
			);
			path = search;
			sourceTree = "<group>";
		};
		EA67FC6F1F616B44004CC8AC /* source */ = {
			isa = PBXGroup;
			children = (
				EA67FC8C1F628C4C004CC8AC /* TNSourceViewController.h */,
				EA67FC8D1F628C4C004CC8AC /* TNSourceViewController.m */,
			);
			path = source;
			sourceTree = "<group>";
		};
		EA67FC851F624290004CC8AC /* TNPopView */ = {
			isa = PBXGroup;
			children = (
				EA67FC861F624290004CC8AC /* TNAlertView.h */,
				EA67FC871F624290004CC8AC /* TNAlertView.m */,
				EA67FC881F624290004CC8AC /* TNPopView.h */,
				EA67FC891F624290004CC8AC /* TNPopView.m */,
			);
			path = TNPopView;
			sourceTree = "<group>";
		};
		EA7302B41F662C520066279E /* View */ = {
			isa = PBXGroup;
			children = (
				EA7302B51F662C950066279E /* TNHomePageHeaderFooterView.h */,
				EA7302B61F662C950066279E /* TNHomePageHeaderFooterView.m */,
			);
			name = View;
			sourceTree = "<group>";
		};
		EA7302BB1F66765E0066279E /* TNCommonView */ = {
			isa = PBXGroup;
			children = (
				EA7302BC1F66765E0066279E /* common_icon_arrow.png */,
				EA7302BD1F66765E0066279E /* common_icon_checkmark.png */,
				EA7302BE1F66765E0066279E /* Model */,
				EA7302CF1F66765E0066279E /* View */,
			);
			path = TNCommonView;
			sourceTree = "<group>";
		};
		EA7302BE1F66765E0066279E /* Model */ = {
			isa = PBXGroup;
			children = (
				EA7302BF1F66765E0066279E /* TNCommonArrowItem.h */,
				EA7302C01F66765E0066279E /* TNCommonArrowItem.m */,
				EA7302C11F66765E0066279E /* TNCommonCheckGroup.h */,
				EA7302C21F66765E0066279E /* TNCommonCheckGroup.m */,
				EA7302C31F66765E0066279E /* TNCommonCheckItem.h */,
				EA7302C41F66765E0066279E /* TNCommonCheckItem.m */,
				EA7302C51F66765E0066279E /* TNCommonCircleIconItem.h */,
				EA7302C61F66765E0066279E /* TNCommonCircleIconItem.m */,
				EA7302C71F66765E0066279E /* TNCommonGroup.h */,
				EA7302C81F66765E0066279E /* TNCommonGroup.m */,
				EA7302C91F66765E0066279E /* TNCommonItem.h */,
				EA7302CA1F66765E0066279E /* TNCommonItem.m */,
				EA7302CB1F66765E0066279E /* TNCommonLabelItem.h */,
				EA7302CC1F66765E0066279E /* TNCommonLabelItem.m */,
				EA7302CD1F66765E0066279E /* TNCommonSwitchItem.h */,
				EA7302CE1F66765E0066279E /* TNCommonSwitchItem.m */,
			);
			path = Model;
			sourceTree = "<group>";
		};
		EA7302CF1F66765E0066279E /* View */ = {
			isa = PBXGroup;
			children = (
				EA7302D01F66765E0066279E /* TNCommonCell.h */,
				EA7302D11F66765E0066279E /* TNCommonCell.m */,
				EA7302D21F66765E0066279E /* TNCommonView.h */,
				EA7302D31F66765E0066279E /* TNCommonView.m */,
			);
			path = View;
			sourceTree = "<group>";
		};
		EA7302E01F6676A70066279E /* TNMenuView */ = {
			isa = PBXGroup;
			children = (
				EA7302E11F6676A70066279E /* TNMenuView.h */,
				EA7302E21F6676A70066279E /* TNMenuView.m */,
			);
			path = TNMenuView;
			sourceTree = "<group>";
		};
/* End PBXGroup section */

/* Begin PBXNativeTarget section */
		EA1EAB061F53B4A300E7D89B /* ImportCar */ = {
			isa = PBXNativeTarget;
			buildConfigurationList = EA1EAB341F53B4A300E7D89B /* Build configuration list for PBXNativeTarget "ImportCar" */;
			buildPhases = (
				4C6ACEFB92A88A031144B39D /* [CP] Check Pods Manifest.lock */,
				EA1EAB031F53B4A300E7D89B /* Sources */,
				EA1EAB041F53B4A300E7D89B /* Frameworks */,
				EA1EAB051F53B4A300E7D89B /* Resources */,
				553EB3C13A369E4DCD792C41 /* [CP] Embed Pods Frameworks */,
				6ADC340F5F3322F08DF0374F /* [CP] Copy Pods Resources */,
			);
			buildRules = (
			);
			dependencies = (
			);
			name = ImportCar;
			productName = ImportCar;
			productReference = EA1EAB071F53B4A300E7D89B /* ImportCar.app */;
			productType = "com.apple.product-type.application";
		};
		EA1EAB1F1F53B4A300E7D89B /* ImportCarTests */ = {
			isa = PBXNativeTarget;
			buildConfigurationList = EA1EAB371F53B4A300E7D89B /* Build configuration list for PBXNativeTarget "ImportCarTests" */;
			buildPhases = (
				EA1EAB1C1F53B4A300E7D89B /* Sources */,
				EA1EAB1D1F53B4A300E7D89B /* Frameworks */,
				EA1EAB1E1F53B4A300E7D89B /* Resources */,
			);
			buildRules = (
			);
			dependencies = (
				EA1EAB221F53B4A300E7D89B /* PBXTargetDependency */,
			);
			name = ImportCarTests;
			productName = ImportCarTests;
			productReference = EA1EAB201F53B4A300E7D89B /* ImportCarTests.xctest */;
			productType = "com.apple.product-type.bundle.unit-test";
		};
		EA1EAB2A1F53B4A300E7D89B /* ImportCarUITests */ = {
			isa = PBXNativeTarget;
			buildConfigurationList = EA1EAB3A1F53B4A300E7D89B /* Build configuration list for PBXNativeTarget "ImportCarUITests" */;
			buildPhases = (
				EA1EAB271F53B4A300E7D89B /* Sources */,
				EA1EAB281F53B4A300E7D89B /* Frameworks */,
				EA1EAB291F53B4A300E7D89B /* Resources */,
			);
			buildRules = (
			);
			dependencies = (
				EA1EAB2D1F53B4A300E7D89B /* PBXTargetDependency */,
			);
			name = ImportCarUITests;
			productName = ImportCarUITests;
			productReference = EA1EAB2B1F53B4A300E7D89B /* ImportCarUITests.xctest */;
			productType = "com.apple.product-type.bundle.ui-testing";
		};
/* End PBXNativeTarget section */

/* Begin PBXProject section */
		EA1EAAFF1F53B4A300E7D89B /* Project object */ = {
			isa = PBXProject;
			attributes = {
				CLASSPREFIX = TN;
				LastUpgradeCheck = 0810;
				ORGANIZATIONNAME = "刘迪诗";
				TargetAttributes = {
					EA1EAB061F53B4A300E7D89B = {
						CreatedOnToolsVersion = 8.1;
						DevelopmentTeam = KH67LDX8FJ;
						ProvisioningStyle = Automatic;
					};
					EA1EAB1F1F53B4A300E7D89B = {
						CreatedOnToolsVersion = 8.1;
						ProvisioningStyle = Automatic;
						TestTargetID = EA1EAB061F53B4A300E7D89B;
					};
					EA1EAB2A1F53B4A300E7D89B = {
						CreatedOnToolsVersion = 8.1;
						ProvisioningStyle = Automatic;
						TestTargetID = EA1EAB061F53B4A300E7D89B;
					};
				};
			};
			buildConfigurationList = EA1EAB021F53B4A300E7D89B /* Build configuration list for PBXProject "ImportCar" */;
			compatibilityVersion = "Xcode 3.2";
			developmentRegion = English;
			hasScannedForEncodings = 0;
			knownRegions = (
				en,
				Base,
			);
			mainGroup = EA1EAAFE1F53B4A300E7D89B;
			productRefGroup = EA1EAB081F53B4A300E7D89B /* Products */;
			projectDirPath = "";
			projectRoot = "";
			targets = (
				EA1EAB061F53B4A300E7D89B /* ImportCar */,
				EA1EAB1F1F53B4A300E7D89B /* ImportCarTests */,
				EA1EAB2A1F53B4A300E7D89B /* ImportCarUITests */,
			);
		};
/* End PBXProject section */

/* Begin PBXResourcesBuildPhase section */
		EA1EAB051F53B4A300E7D89B /* Resources */ = {
			isa = PBXResourcesBuildPhase;
			buildActionMask = 2147483647;
			files = (
				EA67FC561F6144EA004CC8AC /* tnRubberBadge_destroy_5_ic@2x.png in Resources */,
				EA1EAB1A1F53B4A300E7D89B /* LaunchScreen.storyboard in Resources */,
				EA1EAB171F53B4A300E7D89B /* Assets.xcassets in Resources */,
				EA67FC7F1F622EA7004CC8AC /* TNSetPasswordViewController.xib in Resources */,
				EA67FC551F6144EA004CC8AC /* tnRubberBadge_destroy_4_ic@2x.png in Resources */,
				EA7302D51F66765E0066279E /* common_icon_checkmark.png in Resources */,
				EA7302D41F66765E0066279E /* common_icon_arrow.png in Resources */,
				EA1EAB151F53B4A300E7D89B /* Main.storyboard in Resources */,
				EA67FC3D1F6144EA004CC8AC /* 暂无数据.png in Resources */,
				EA67FC7A1F61B2EA004CC8AC /* TNLoginViewController.xib in Resources */,
				EA67FC841F6235E6004CC8AC /* TNRegistViewController.xib in Resources */,
				EA67FC531F6144EA004CC8AC /* tnRubberBadge_destroy_2_ic@2x.png in Resources */,
				EA67FC521F6144EA004CC8AC /* tnRubberBadge_destroy_1_ic@2x.png in Resources */,
				EA67FC541F6144EA004CC8AC /* tnRubberBadge_destroy_3_ic@2x.png in Resources */,
			);
			runOnlyForDeploymentPostprocessing = 0;
		};
		EA1EAB1E1F53B4A300E7D89B /* Resources */ = {
			isa = PBXResourcesBuildPhase;
			buildActionMask = 2147483647;
			files = (
			);
			runOnlyForDeploymentPostprocessing = 0;
		};
		EA1EAB291F53B4A300E7D89B /* Resources */ = {
			isa = PBXResourcesBuildPhase;
			buildActionMask = 2147483647;
			files = (
			);
			runOnlyForDeploymentPostprocessing = 0;
		};
/* End PBXResourcesBuildPhase section */

/* Begin PBXShellScriptBuildPhase section */
		4C6ACEFB92A88A031144B39D /* [CP] Check Pods Manifest.lock */ = {
			isa = PBXShellScriptBuildPhase;
			buildActionMask = 2147483647;
			files = (
			);
			inputPaths = (
			);
			name = "[CP] Check Pods Manifest.lock";
			outputPaths = (
			);
			runOnlyForDeploymentPostprocessing = 0;
			shellPath = /bin/sh;
			shellScript = "diff \"${PODS_PODFILE_DIR_PATH}/Podfile.lock\" \"${PODS_ROOT}/Manifest.lock\" > /dev/null\nif [ $? != 0 ] ; then\n    # print error to STDERR\n    echo \"error: The sandbox is not in sync with the Podfile.lock. Run 'pod install' or update your CocoaPods installation.\" >&2\n    exit 1\nfi\n";
			showEnvVarsInLog = 0;
		};
		553EB3C13A369E4DCD792C41 /* [CP] Embed Pods Frameworks */ = {
			isa = PBXShellScriptBuildPhase;
			buildActionMask = 2147483647;
			files = (
			);
			inputPaths = (
			);
			name = "[CP] Embed Pods Frameworks";
			outputPaths = (
			);
			runOnlyForDeploymentPostprocessing = 0;
			shellPath = /bin/sh;
			shellScript = "\"${SRCROOT}/Pods/Target Support Files/Pods-ImportCar/Pods-ImportCar-frameworks.sh\"\n";
			showEnvVarsInLog = 0;
		};
		6ADC340F5F3322F08DF0374F /* [CP] Copy Pods Resources */ = {
			isa = PBXShellScriptBuildPhase;
			buildActionMask = 2147483647;
			files = (
			);
			inputPaths = (
			);
			name = "[CP] Copy Pods Resources";
			outputPaths = (
			);
			runOnlyForDeploymentPostprocessing = 0;
			shellPath = /bin/sh;
			shellScript = "\"${SRCROOT}/Pods/Target Support Files/Pods-ImportCar/Pods-ImportCar-resources.sh\"\n";
			showEnvVarsInLog = 0;
		};
/* End PBXShellScriptBuildPhase section */

/* Begin PBXSourcesBuildPhase section */
		EA1EAB031F53B4A300E7D89B /* Sources */ = {
			isa = PBXSourcesBuildPhase;
			buildActionMask = 2147483647;
			files = (
				EA67FC8E1F628C4C004CC8AC /* TNSourceViewController.m in Sources */,
				EA7302D81F66765E0066279E /* TNCommonCheckItem.m in Sources */,
				EA7302DE1F66765E0066279E /* TNCommonCell.m in Sources */,
				EA67FC381F6144EA004CC8AC /* TNBaseNavigationController.m in Sources */,
				EA1EAB0F1F53B4A300E7D89B /* AppDelegate.m in Sources */,
				EA67FC751F616DD7004CC8AC /* UILabel+TNAdd.m in Sources */,
				EA67FC401F6144EA004CC8AC /* UIButton+TNAdd.m in Sources */,
				EA67FC421F6144EA004CC8AC /* UIImage+TNAdd.m in Sources */,
				EA7302DA1F66765E0066279E /* TNCommonGroup.m in Sources */,
				EA67FC5E1F6144EA004CC8AC /* TNHttpTool.m in Sources */,
				EA67FC361F6144EA004CC8AC /* TNBaseButton.m in Sources */,
				EA67FC8A1F624290004CC8AC /* TNAlertView.m in Sources */,
				EA67FC6B1F615AA4004CC8AC /* TNUnderLineButton.m in Sources */,
				EA67FC5B1F6144EA004CC8AC /* TNDataTool.m in Sources */,
				EA7302D91F66765E0066279E /* TNCommonCircleIconItem.m in Sources */,
				EA7302DF1F66765E0066279E /* TNCommonView.m in Sources */,
				EA7302DC1F66765E0066279E /* TNCommonLabelItem.m in Sources */,
				EA67FC581F6144EA004CC8AC /* TNChooseController.m in Sources */,
				EA67FC7E1F622EA7004CC8AC /* TNSetPasswordViewController.m in Sources */,
				EA67FC611F6144EA004CC8AC /* TNPromptBox.m in Sources */,
				EA67FC411F6144EA004CC8AC /* UIColor+TNAdd.m in Sources */,
				EA67FC721F616BFE004CC8AC /* TNHomePageViewController.m in Sources */,
				EA7302E31F6676A70066279E /* TNMenuView.m in Sources */,
				EA67FC3A1F6144EA004CC8AC /* TNBaseTableView.m in Sources */,
				EA67FC431F6144EA004CC8AC /* UIView+TNAdd.m in Sources */,
				EA67FC371F6144EA004CC8AC /* TNBaseModel.m in Sources */,
				EA7302DB1F66765E0066279E /* TNCommonItem.m in Sources */,
				EA67FC671F614AF8004CC8AC /* TNLoginViewController.m in Sources */,
				EA67FC591F6144EA004CC8AC /* TNTabBarController.m in Sources */,
				EA7302DD1F66765E0066279E /* TNCommonSwitchItem.m in Sources */,
				EA67FC501F6144EA004CC8AC /* TNIntroductionView.m in Sources */,
				EA1EAB0C1F53B4A300E7D89B /* main.m in Sources */,
				EA67FC5A1F6144EA004CC8AC /* TNCoreArchive.m in Sources */,
				EA67FC3B1F6144EA004CC8AC /* TNBaseTableViewCell.m in Sources */,
				EA67FC831F6235E6004CC8AC /* TNRegistViewController.m in Sources */,
				EA67FC781F6170D7004CC8AC /* TNCustomCenterBtnTabBar.m in Sources */,
				EA7302D71F66765E0066279E /* TNCommonCheckGroup.m in Sources */,
				EA67FC3F1F6144EA004CC8AC /* AppDelegate+TNAdd.m in Sources */,
				EA67FC571F6144EA004CC8AC /* TNRubberBadgeButton.m in Sources */,
				EA67FC3C1F6144EA004CC8AC /* TNBaseWebViewController.m in Sources */,
				EA7302D61F66765E0066279E /* TNCommonArrowItem.m in Sources */,
				EA67FC5C1F6144EA004CC8AC /* TNDateTool.m in Sources */,
				EA67FC5D1F6144EA004CC8AC /* TNGlobalTool.m in Sources */,
				EA67FC3E1F6144EA004CC8AC /* NSString+TNAdd.m in Sources */,
				EA67FC391F6144EA004CC8AC /* TNBaseResponse.m in Sources */,
				EA7302B71F662C950066279E /* TNHomePageHeaderFooterView.m in Sources */,
				EA67FC8B1F624290004CC8AC /* TNPopView.m in Sources */,
			);
			runOnlyForDeploymentPostprocessing = 0;
		};
		EA1EAB1C1F53B4A300E7D89B /* Sources */ = {
			isa = PBXSourcesBuildPhase;
			buildActionMask = 2147483647;
			files = (
				EA1EAB251F53B4A300E7D89B /* ImportCarTests.m in Sources */,
			);
			runOnlyForDeploymentPostprocessing = 0;
		};
		EA1EAB271F53B4A300E7D89B /* Sources */ = {
			isa = PBXSourcesBuildPhase;
			buildActionMask = 2147483647;
			files = (
				EA1EAB301F53B4A300E7D89B /* ImportCarUITests.m in Sources */,
			);
			runOnlyForDeploymentPostprocessing = 0;
		};
/* End PBXSourcesBuildPhase section */

/* Begin PBXTargetDependency section */
		EA1EAB221F53B4A300E7D89B /* PBXTargetDependency */ = {
			isa = PBXTargetDependency;
			target = EA1EAB061F53B4A300E7D89B /* ImportCar */;
			targetProxy = EA1EAB211F53B4A300E7D89B /* PBXContainerItemProxy */;
		};
		EA1EAB2D1F53B4A300E7D89B /* PBXTargetDependency */ = {
			isa = PBXTargetDependency;
			target = EA1EAB061F53B4A300E7D89B /* ImportCar */;
			targetProxy = EA1EAB2C1F53B4A300E7D89B /* PBXContainerItemProxy */;
		};
/* End PBXTargetDependency section */

/* Begin PBXVariantGroup section */
		EA1EAB131F53B4A300E7D89B /* Main.storyboard */ = {
			isa = PBXVariantGroup;
			children = (
				EA1EAB141F53B4A300E7D89B /* Base */,
			);
			name = Main.storyboard;
			sourceTree = "<group>";
		};
		EA1EAB181F53B4A300E7D89B /* LaunchScreen.storyboard */ = {
			isa = PBXVariantGroup;
			children = (
				EA1EAB191F53B4A300E7D89B /* Base */,
			);
			name = LaunchScreen.storyboard;
			sourceTree = "<group>";
		};
/* End PBXVariantGroup section */

/* Begin XCBuildConfiguration section */
		EA1EAB321F53B4A300E7D89B /* Debug */ = {
			isa = XCBuildConfiguration;
			buildSettings = {
				ALWAYS_SEARCH_USER_PATHS = NO;
				CLANG_ANALYZER_NONNULL = YES;
				CLANG_CXX_LANGUAGE_STANDARD = "gnu++0x";
				CLANG_CXX_LIBRARY = "libc++";
				CLANG_ENABLE_MODULES = YES;
				CLANG_ENABLE_OBJC_ARC = YES;
				CLANG_WARN_BOOL_CONVERSION = YES;
				CLANG_WARN_CONSTANT_CONVERSION = YES;
				CLANG_WARN_DIRECT_OBJC_ISA_USAGE = YES_ERROR;
				CLANG_WARN_DOCUMENTATION_COMMENTS = YES;
				CLANG_WARN_EMPTY_BODY = YES;
				CLANG_WARN_ENUM_CONVERSION = YES;
				CLANG_WARN_INFINITE_RECURSION = YES;
				CLANG_WARN_INT_CONVERSION = YES;
				CLANG_WARN_OBJC_ROOT_CLASS = YES_ERROR;
				CLANG_WARN_SUSPICIOUS_MOVES = YES;
				CLANG_WARN_UNREACHABLE_CODE = YES;
				CLANG_WARN__DUPLICATE_METHOD_MATCH = YES;
				"CODE_SIGN_IDENTITY[sdk=iphoneos*]" = "iPhone Developer";
				COPY_PHASE_STRIP = NO;
				DEBUG_INFORMATION_FORMAT = dwarf;
				ENABLE_STRICT_OBJC_MSGSEND = YES;
				ENABLE_TESTABILITY = YES;
				GCC_C_LANGUAGE_STANDARD = gnu99;
				GCC_DYNAMIC_NO_PIC = NO;
				GCC_NO_COMMON_BLOCKS = YES;
				GCC_OPTIMIZATION_LEVEL = 0;
				GCC_PREPROCESSOR_DEFINITIONS = (
					"DEBUG=1",
					"$(inherited)",
				);
				GCC_WARN_64_TO_32_BIT_CONVERSION = YES;
				GCC_WARN_ABOUT_RETURN_TYPE = YES_ERROR;
				GCC_WARN_UNDECLARED_SELECTOR = YES;
				GCC_WARN_UNINITIALIZED_AUTOS = YES_AGGRESSIVE;
				GCC_WARN_UNUSED_FUNCTION = YES;
				GCC_WARN_UNUSED_VARIABLE = YES;
				IPHONEOS_DEPLOYMENT_TARGET = 10.1;
				MTL_ENABLE_DEBUG_INFO = YES;
				ONLY_ACTIVE_ARCH = YES;
				SDKROOT = iphoneos;
				TARGETED_DEVICE_FAMILY = "1,2";
			};
			name = Debug;
		};
		EA1EAB331F53B4A300E7D89B /* Release */ = {
			isa = XCBuildConfiguration;
			buildSettings = {
				ALWAYS_SEARCH_USER_PATHS = NO;
				CLANG_ANALYZER_NONNULL = YES;
				CLANG_CXX_LANGUAGE_STANDARD = "gnu++0x";
				CLANG_CXX_LIBRARY = "libc++";
				CLANG_ENABLE_MODULES = YES;
				CLANG_ENABLE_OBJC_ARC = YES;
				CLANG_WARN_BOOL_CONVERSION = YES;
				CLANG_WARN_CONSTANT_CONVERSION = YES;
				CLANG_WARN_DIRECT_OBJC_ISA_USAGE = YES_ERROR;
				CLANG_WARN_DOCUMENTATION_COMMENTS = YES;
				CLANG_WARN_EMPTY_BODY = YES;
				CLANG_WARN_ENUM_CONVERSION = YES;
				CLANG_WARN_INFINITE_RECURSION = YES;
				CLANG_WARN_INT_CONVERSION = YES;
				CLANG_WARN_OBJC_ROOT_CLASS = YES_ERROR;
				CLANG_WARN_SUSPICIOUS_MOVES = YES;
				CLANG_WARN_UNREACHABLE_CODE = YES;
				CLANG_WARN__DUPLICATE_METHOD_MATCH = YES;
				"CODE_SIGN_IDENTITY[sdk=iphoneos*]" = "iPhone Developer";
				COPY_PHASE_STRIP = NO;
				DEBUG_INFORMATION_FORMAT = "dwarf-with-dsym";
				ENABLE_NS_ASSERTIONS = NO;
				ENABLE_STRICT_OBJC_MSGSEND = YES;
				GCC_C_LANGUAGE_STANDARD = gnu99;
				GCC_NO_COMMON_BLOCKS = YES;
				GCC_WARN_64_TO_32_BIT_CONVERSION = YES;
				GCC_WARN_ABOUT_RETURN_TYPE = YES_ERROR;
				GCC_WARN_UNDECLARED_SELECTOR = YES;
				GCC_WARN_UNINITIALIZED_AUTOS = YES_AGGRESSIVE;
				GCC_WARN_UNUSED_FUNCTION = YES;
				GCC_WARN_UNUSED_VARIABLE = YES;
				IPHONEOS_DEPLOYMENT_TARGET = 10.1;
				MTL_ENABLE_DEBUG_INFO = NO;
				SDKROOT = iphoneos;
				TARGETED_DEVICE_FAMILY = "1,2";
				VALIDATE_PRODUCT = YES;
			};
			name = Release;
		};
		EA1EAB351F53B4A300E7D89B /* Debug */ = {
			isa = XCBuildConfiguration;
			baseConfigurationReference = 20389176409FFFBFB15E0229 /* Pods-ImportCar.debug.xcconfig */;
			buildSettings = {
				ASSETCATALOG_COMPILER_APPICON_NAME = AppIcon;
				DEVELOPMENT_TEAM = KH67LDX8FJ;
				GCC_PREFIX_HEADER = "$(PROJECT_NAME)/PrefixHeader.pch";
				INFOPLIST_FILE = ImportCar/Info.plist;
				IPHONEOS_DEPLOYMENT_TARGET = 8.0;
				LD_RUNPATH_SEARCH_PATHS = "$(inherited) @executable_path/Frameworks";
				PRODUCT_BUNDLE_IDENTIFIER = com.cfw.ImportCar;
				PRODUCT_NAME = "$(TARGET_NAME)";
			};
			name = Debug;
		};
		EA1EAB361F53B4A300E7D89B /* Release */ = {
			isa = XCBuildConfiguration;
			baseConfigurationReference = 4E511EF404BD7BA5625F4577 /* Pods-ImportCar.release.xcconfig */;
			buildSettings = {
				ASSETCATALOG_COMPILER_APPICON_NAME = AppIcon;
				DEVELOPMENT_TEAM = KH67LDX8FJ;
				GCC_PREFIX_HEADER = "$(PROJECT_NAME)/PrefixHeader.pch";
				INFOPLIST_FILE = ImportCar/Info.plist;
				IPHONEOS_DEPLOYMENT_TARGET = 8.0;
				LD_RUNPATH_SEARCH_PATHS = "$(inherited) @executable_path/Frameworks";
				PRODUCT_BUNDLE_IDENTIFIER = com.cfw.ImportCar;
				PRODUCT_NAME = "$(TARGET_NAME)";
			};
			name = Release;
		};
		EA1EAB381F53B4A300E7D89B /* Debug */ = {
			isa = XCBuildConfiguration;
			buildSettings = {
				BUNDLE_LOADER = "$(TEST_HOST)";
				INFOPLIST_FILE = ImportCarTests/Info.plist;
				LD_RUNPATH_SEARCH_PATHS = "$(inherited) @executable_path/Frameworks @loader_path/Frameworks";
				PRODUCT_BUNDLE_IDENTIFIER = non.ImportCarTests;
				PRODUCT_NAME = "$(TARGET_NAME)";
				TEST_HOST = "$(BUILT_PRODUCTS_DIR)/ImportCar.app/ImportCar";
			};
			name = Debug;
		};
		EA1EAB391F53B4A300E7D89B /* Release */ = {
			isa = XCBuildConfiguration;
			buildSettings = {
				BUNDLE_LOADER = "$(TEST_HOST)";
				INFOPLIST_FILE = ImportCarTests/Info.plist;
				LD_RUNPATH_SEARCH_PATHS = "$(inherited) @executable_path/Frameworks @loader_path/Frameworks";
				PRODUCT_BUNDLE_IDENTIFIER = non.ImportCarTests;
				PRODUCT_NAME = "$(TARGET_NAME)";
				TEST_HOST = "$(BUILT_PRODUCTS_DIR)/ImportCar.app/ImportCar";
			};
			name = Release;
		};
		EA1EAB3B1F53B4A300E7D89B /* Debug */ = {
			isa = XCBuildConfiguration;
			buildSettings = {
				INFOPLIST_FILE = ImportCarUITests/Info.plist;
				LD_RUNPATH_SEARCH_PATHS = "$(inherited) @executable_path/Frameworks @loader_path/Frameworks";
				PRODUCT_BUNDLE_IDENTIFIER = non.ImportCarUITests;
				PRODUCT_NAME = "$(TARGET_NAME)";
				TEST_TARGET_NAME = ImportCar;
			};
			name = Debug;
		};
		EA1EAB3C1F53B4A300E7D89B /* Release */ = {
			isa = XCBuildConfiguration;
			buildSettings = {
				INFOPLIST_FILE = ImportCarUITests/Info.plist;
				LD_RUNPATH_SEARCH_PATHS = "$(inherited) @executable_path/Frameworks @loader_path/Frameworks";
				PRODUCT_BUNDLE_IDENTIFIER = non.ImportCarUITests;
				PRODUCT_NAME = "$(TARGET_NAME)";
				TEST_TARGET_NAME = ImportCar;
			};
			name = Release;
		};
/* End XCBuildConfiguration section */

/* Begin XCConfigurationList section */
		EA1EAB021F53B4A300E7D89B /* Build configuration list for PBXProject "ImportCar" */ = {
			isa = XCConfigurationList;
			buildConfigurations = (
				EA1EAB321F53B4A300E7D89B /* Debug */,
				EA1EAB331F53B4A300E7D89B /* Release */,
			);
			defaultConfigurationIsVisible = 0;
			defaultConfigurationName = Release;
		};
		EA1EAB341F53B4A300E7D89B /* Build configuration list for PBXNativeTarget "ImportCar" */ = {
			isa = XCConfigurationList;
			buildConfigurations = (
				EA1EAB351F53B4A300E7D89B /* Debug */,
				EA1EAB361F53B4A300E7D89B /* Release */,
			);
			defaultConfigurationIsVisible = 0;
			defaultConfigurationName = Release;
		};
		EA1EAB371F53B4A300E7D89B /* Build configuration list for PBXNativeTarget "ImportCarTests" */ = {
			isa = XCConfigurationList;
			buildConfigurations = (
				EA1EAB381F53B4A300E7D89B /* Debug */,
				EA1EAB391F53B4A300E7D89B /* Release */,
			);
			defaultConfigurationIsVisible = 0;
			defaultConfigurationName = Release;
		};
		EA1EAB3A1F53B4A300E7D89B /* Build configuration list for PBXNativeTarget "ImportCarUITests" */ = {
			isa = XCConfigurationList;
			buildConfigurations = (
				EA1EAB3B1F53B4A300E7D89B /* Debug */,
				EA1EAB3C1F53B4A300E7D89B /* Release */,
			);
			defaultConfigurationIsVisible = 0;
			defaultConfigurationName = Release;
		};
/* End XCConfigurationList section */
	};
	rootObject = EA1EAAFF1F53B4A300E7D89B /* Project object */;
}
